
Microsoft Visual Studio Solution File, Format Version 12.00
Project("{FAE04EC0-301F-11D3-BF4B-00C04F79EFBC}") = "RTD.Web", "RTD.Web\RTD.Web.csproj", "{20432BC0-6563-4618-A7A5-6F14733DFE6D}"
EndProject
Global
	GlobalSection(SolutionConfigurationPlatforms) = preSolution
		Debug|Any CPU = Debug|Any CPU
		Release|Any CPU = Release|Any CPU
	EndGlobalSection
	GlobalSection(ProjectConfigurationPlatforms) = postSolution
		{20432BC0-6563-4618-A7A5-6F14733DFE6D}.Debug|Any CPU.ActiveCfg = Debug|Any CPU
		{20432BC0-6563-4618-A7A5-6F14733DFE6D}.Debug|Any CPU.Build.0 = Debug|Any CPU
		{20432BC0-6563-4618-A7A5-6F14733DFE6D}.Release|Any CPU.ActiveCfg = Release|Any CPU
		{20432BC0-6563-4618-A7A5-6F14733DFE6D}.Release|Any CPU.Build.0 = Release|Any CPU
	EndGlobalSection
EndGlobal
